
Microsoft Visual Studio Solution File, Format Version 12.00
# Visual Studio 2013
VisualStudioVersion = 12.0.21005.1
MinimumVisualStudioVersion = 10.0.40219.1
Project("{FAE04EC0-301F-11D3-BF4B-00C04F79EFBC}") = "DatosSKD", "DatosSKD\DatosSKD.csproj", "{33096D4D-7F6B-46C0-AF9A-D28B4B0380C0}"
EndProject
Project("{FAE04EC0-301F-11D3-BF4B-00C04F79EFBC}") = "DominioSKD", "DominioSKD\DominioSKD.csproj", "{B946DF89-40A8-46E9-9827-E0CF67F5A0E5}"
EndProject
Project("{FAE04EC0-301F-11D3-BF4B-00C04F79EFBC}") = "ExcepcionesSKD", "ExcepcionesSKD\ExcepcionesSKD.csproj", "{FE3043F3-9CA4-4C6A-A975-98AEE7A8E189}"
EndProject
Project("{FAE04EC0-301F-11D3-BF4B-00C04F79EFBC}") = "Comandos", "LogicaNegociosSKD\Comandos.csproj", "{D56F2DCE-D833-4254-A650-F5EA5FE09315}"
EndProject
Project("{FAE04EC0-301F-11D3-BF4B-00C04F79EFBC}") = "PruebasUnitariasSKD", "PruebasUnitariasSKD\PruebasUnitariasSKD.csproj", "{F5DCAE55-28B6-4798-9D65-CC88D45F1F62}"
EndProject
Project("{2150E333-8FDC-42A3-9474-1A3956D46DE8}") = "DatosSKD", "DatosSKD", "{7252A28E-A383-4B6A-98FE-7839579C2467}"
EndProject
Project("{2150E333-8FDC-42A3-9474-1A3956D46DE8}") = "InterfazSKD", "InterfazSKD", "{EFB97D97-B04D-4FB8-99E3-C6059D6F70F1}"
EndProject
Project("{2150E333-8FDC-42A3-9474-1A3956D46DE8}") = "LogicaNegociosSKD", "LogicaNegociosSKD", "{D971B994-AE2C-486F-AD65-C128D36E97D8}"
EndProject
Project("{2150E333-8FDC-42A3-9474-1A3956D46DE8}") = "DominioSKD", "DominioSKD", "{19A640F4-ABDA-4FD1-A993-DDBF05798107}"
EndProject
Project("{2150E333-8FDC-42A3-9474-1A3956D46DE8}") = "ExcepcionesSKD", "ExcepcionesSKD", "{0F1554A2-0FBE-4184-85E9-7AC836F11EEA}"
EndProject
Project("{2150E333-8FDC-42A3-9474-1A3956D46DE8}") = "PruebasUnitariasSKD", "PruebasUnitariasSKD", "{C42D7726-4497-49E7-9C9F-3CCA978DA89B}"
EndProject
Project("{FAE04EC0-301F-11D3-BF4B-00C04F79EFBC}") = "Contratos", "Contratos\Contratos.csproj", "{1767095A-3B32-4CDB-84E5-C407649A0CDA}"
EndProject
Project("{FAE04EC0-301F-11D3-BF4B-00C04F79EFBC}") = "Presentadores", "Presentadores\Presentadores.csproj", "{07C3AEA0-821A-4EAB-AAFE-4427D3A3542E}"
EndProject
Project("{FAE04EC0-301F-11D3-BF4B-00C04F79EFBC}") = "Vista", "VIsta\Vista.csproj", "{6097008E-E0F1-4EE7-99A2-F1646050B59E}"
EndProject
Global
	GlobalSection(SolutionConfigurationPlatforms) = preSolution
		Debug|Any CPU = Debug|Any CPU
		Release|Any CPU = Release|Any CPU
	EndGlobalSection
	GlobalSection(ProjectConfigurationPlatforms) = postSolution
		{33096D4D-7F6B-46C0-AF9A-D28B4B0380C0}.Debug|Any CPU.ActiveCfg = Debug|Any CPU
		{33096D4D-7F6B-46C0-AF9A-D28B4B0380C0}.Debug|Any CPU.Build.0 = Debug|Any CPU
		{33096D4D-7F6B-46C0-AF9A-D28B4B0380C0}.Release|Any CPU.ActiveCfg = Release|Any CPU
		{33096D4D-7F6B-46C0-AF9A-D28B4B0380C0}.Release|Any CPU.Build.0 = Release|Any CPU
		{B946DF89-40A8-46E9-9827-E0CF67F5A0E5}.Debug|Any CPU.ActiveCfg = Debug|Any CPU
		{B946DF89-40A8-46E9-9827-E0CF67F5A0E5}.Debug|Any CPU.Build.0 = Debug|Any CPU
		{B946DF89-40A8-46E9-9827-E0CF67F5A0E5}.Release|Any CPU.ActiveCfg = Release|Any CPU
		{B946DF89-40A8-46E9-9827-E0CF67F5A0E5}.Release|Any CPU.Build.0 = Release|Any CPU
		{FE3043F3-9CA4-4C6A-A975-98AEE7A8E189}.Debug|Any CPU.ActiveCfg = Debug|Any CPU
		{FE3043F3-9CA4-4C6A-A975-98AEE7A8E189}.Debug|Any CPU.Build.0 = Debug|Any CPU
		{FE3043F3-9CA4-4C6A-A975-98AEE7A8E189}.Release|Any CPU.ActiveCfg = Release|Any CPU
		{FE3043F3-9CA4-4C6A-A975-98AEE7A8E189}.Release|Any CPU.Build.0 = Release|Any CPU
		{D56F2DCE-D833-4254-A650-F5EA5FE09315}.Debug|Any CPU.ActiveCfg = Debug|Any CPU
		{D56F2DCE-D833-4254-A650-F5EA5FE09315}.Debug|Any CPU.Build.0 = Debug|Any CPU
		{D56F2DCE-D833-4254-A650-F5EA5FE09315}.Release|Any CPU.ActiveCfg = Release|Any CPU
		{D56F2DCE-D833-4254-A650-F5EA5FE09315}.Release|Any CPU.Build.0 = Release|Any CPU
		{F5DCAE55-28B6-4798-9D65-CC88D45F1F62}.Debug|Any CPU.ActiveCfg = Debug|Any CPU
		{F5DCAE55-28B6-4798-9D65-CC88D45F1F62}.Debug|Any CPU.Build.0 = Debug|Any CPU
		{F5DCAE55-28B6-4798-9D65-CC88D45F1F62}.Release|Any CPU.ActiveCfg = Release|Any CPU
		{F5DCAE55-28B6-4798-9D65-CC88D45F1F62}.Release|Any CPU.Build.0 = Release|Any CPU
		{1767095A-3B32-4CDB-84E5-C407649A0CDA}.Debug|Any CPU.ActiveCfg = Debug|Any CPU
		{1767095A-3B32-4CDB-84E5-C407649A0CDA}.Debug|Any CPU.Build.0 = Debug|Any CPU
		{1767095A-3B32-4CDB-84E5-C407649A0CDA}.Release|Any CPU.ActiveCfg = Release|Any CPU
		{1767095A-3B32-4CDB-84E5-C407649A0CDA}.Release|Any CPU.Build.0 = Release|Any CPU
		{07C3AEA0-821A-4EAB-AAFE-4427D3A3542E}.Debug|Any CPU.ActiveCfg = Debug|Any CPU
		{07C3AEA0-821A-4EAB-AAFE-4427D3A3542E}.Debug|Any CPU.Build.0 = Debug|Any CPU
		{07C3AEA0-821A-4EAB-AAFE-4427D3A3542E}.Release|Any CPU.ActiveCfg = Release|Any CPU
		{07C3AEA0-821A-4EAB-AAFE-4427D3A3542E}.Release|Any CPU.Build.0 = Release|Any CPU
		{6097008E-E0F1-4EE7-99A2-F1646050B59E}.Debug|Any CPU.ActiveCfg = Debug|Any CPU
		{6097008E-E0F1-4EE7-99A2-F1646050B59E}.Debug|Any CPU.Build.0 = Debug|Any CPU
		{6097008E-E0F1-4EE7-99A2-F1646050B59E}.Release|Any CPU.ActiveCfg = Release|Any CPU
		{6097008E-E0F1-4EE7-99A2-F1646050B59E}.Release|Any CPU.Build.0 = Release|Any CPU
	EndGlobalSection
	GlobalSection(SolutionProperties) = preSolution
		HideSolutionNode = FALSE
	EndGlobalSection
	GlobalSection(NestedProjects) = preSolution
		{33096D4D-7F6B-46C0-AF9A-D28B4B0380C0} = {7252A28E-A383-4B6A-98FE-7839579C2467}
		{1767095A-3B32-4CDB-84E5-C407649A0CDA} = {EFB97D97-B04D-4FB8-99E3-C6059D6F70F1}
		{07C3AEA0-821A-4EAB-AAFE-4427D3A3542E} = {EFB97D97-B04D-4FB8-99E3-C6059D6F70F1}
		{6097008E-E0F1-4EE7-99A2-F1646050B59E} = {EFB97D97-B04D-4FB8-99E3-C6059D6F70F1}
		{D56F2DCE-D833-4254-A650-F5EA5FE09315} = {D971B994-AE2C-486F-AD65-C128D36E97D8}
		{B946DF89-40A8-46E9-9827-E0CF67F5A0E5} = {19A640F4-ABDA-4FD1-A993-DDBF05798107}
		{FE3043F3-9CA4-4C6A-A975-98AEE7A8E189} = {0F1554A2-0FBE-4184-85E9-7AC836F11EEA}
		{F5DCAE55-28B6-4798-9D65-CC88D45F1F62} = {C42D7726-4497-49E7-9C9F-3CCA978DA89B}
	EndGlobalSection
EndGlobal
